// !$*UTF8*$!
{
	archiveVersion = 1;
	classes = {
	};
	objectVersion = 48;
	objects = {

/* Begin PBXBuildFile section */
		3B7893501FA40CCC00D8B707 /* AppDelegate.m in Sources */ = {isa = PBXBuildFile; fileRef = 3B78934F1FA40CCC00D8B707 /* AppDelegate.m */; };
		3B7893531FA40CCC00D8B707 /* ViewController.m in Sources */ = {isa = PBXBuildFile; fileRef = 3B7893521FA40CCC00D8B707 /* ViewController.m */; };
		3B7893561FA40CCC00D8B707 /* Main.storyboard in Resources */ = {isa = PBXBuildFile; fileRef = 3B7893541FA40CCC00D8B707 /* Main.storyboard */; };
		3B7893581FA40CCC00D8B707 /* Assets.xcassets in Resources */ = {isa = PBXBuildFile; fileRef = 3B7893571FA40CCC00D8B707 /* Assets.xcassets */; };
		3B78935B1FA40CCC00D8B707 /* LaunchScreen.storyboard in Resources */ = {isa = PBXBuildFile; fileRef = 3B7893591FA40CCC00D8B707 /* LaunchScreen.storyboard */; };
		3B78935E1FA40CCC00D8B707 /* main.m in Sources */ = {isa = PBXBuildFile; fileRef = 3B78935D1FA40CCC00D8B707 /* main.m */; };
/* End PBXBuildFile section */

/* Begin PBXFileReference section */
		3B78934B1FA40CCC00D8B707 /* JianShu.app */ = {isa = PBXFileReference; explicitFileType = wrapper.application; includeInIndex = 0; path = JianShu.app; sourceTree = BUILT_PRODUCTS_DIR; };
		3B78934E1FA40CCC00D8B707 /* AppDelegate.h */ = {isa = PBXFileReference; lastKnownFileType = sourcecode.c.h; path = AppDelegate.h; sourceTree = "<group>"; };
		3B78934F1FA40CCC00D8B707 /* AppDelegate.m */ = {isa = PBXFileReference; lastKnownFileType = sourcecode.c.objc; path = AppDelegate.m; sourceTree = "<group>"; };
		3B7893511FA40CCC00D8B707 /* ViewController.h */ = {isa = PBXFileReference; lastKnownFileType = sourcecode.c.h; path = ViewController.h; sourceTree = "<group>"; };
		3B7893521FA40CCC00D8B707 /* ViewController.m */ = {isa = PBXFileReference; lastKnownFileType = sourcecode.c.objc; path = ViewController.m; sourceTree = "<group>"; };
		3B7893551FA40CCC00D8B707 /* Base */ = {isa = PBXFileReference; lastKnownFileType = file.storyboard; name = Base; path = Base.lproj/Main.storyboard; sourceTree = "<group>"; };
		3B7893571FA40CCC00D8B707 /* Assets.xcassets */ = {isa = PBXFileReference; lastKnownFileType = folder.assetcatalog; path = Assets.xcassets; sourceTree = "<group>"; };
		3B78935A1FA40CCC00D8B707 /* Base */ = {isa = PBXFileReference; lastKnownFileType = file.storyboard; name = Base; path = Base.lproj/LaunchScreen.storyboard; sourceTree = "<group>"; };
		3B78935C1FA40CCC00D8B707 /* Info.plist */ = {isa = PBXFileReference; lastKnownFileType = text.plist.xml; path = Info.plist; sourceTree = "<group>"; };
		3B78935D1FA40CCC00D8B707 /* main.m */ = {isa = PBXFileReference; lastKnownFileType = sourcecode.c.objc; path = main.m; sourceTree = "<group>"; };
/* End PBXFileReference section */

/* Begin PBXFrameworksBuildPhase section */
		3B7893481FA40CCC00D8B707 /* Frameworks */ = {
			isa = PBXFrameworksBuildPhase;
			buildActionMask = 2147483647;
			files = (
			);
			runOnlyForDeploymentPostprocessing = 0;
		};
/* End PBXFrameworksBuildPhase section */

/* Begin PBXGroup section */
		3B7893421FA40CCC00D8B707 = {
			isa = PBXGroup;
			children = (
				3B78934D1FA40CCC00D8B707 /* JianShu */,
				3B78934C1FA40CCC00D8B707 /* Products */,
			);
			sourceTree = "<group>";
		};
		3B78934C1FA40CCC00D8B707 /* Products */ = {
			isa = PBXGroup;
			children = (
				3B78934B1FA40CCC00D8B707 /* JianShu.app */,
			);
			name = Products;
			sourceTree = "<group>";
		};
		3B78934D1FA40CCC00D8B707 /* JianShu */ = {
			isa = PBXGroup;
			children = (
				3B78934E1FA40CCC00D8B707 /* AppDelegate.h */,
				3B78934F1FA40CCC00D8B707 /* AppDelegate.m */,
				3B7893511FA40CCC00D8B707 /* ViewController.h */,
				3B7893521FA40CCC00D8B707 /* ViewController.m */,
				3B7893541FA40CCC00D8B707 /* Main.storyboard */,
				3B7893571FA40CCC00D8B707 /* Assets.xcassets */,
				3B7893591FA40CCC00D8B707 /* LaunchScreen.storyboard */,
				3B78935C1FA40CCC00D8B707 /* Info.plist */,
				3B78935D1FA40CCC00D8B707 /* main.m */,
			);
			path = JianShu;
			sourceTree = "<group>";
		};
/* End PBXGroup section */

/* Begin PBXNativeTarget section */
		3B78934A1FA40CCC00D8B707 /* JianShu */ = {
			isa = PBXNativeTarget;
			buildConfigurationList = 3B7893611FA40CCC00D8B707 /* Build configuration list for PBXNativeTarget "JianShu" */;
			buildPhases = (
				3B7893471FA40CCC00D8B707 /* Sources */,
				3B7893481FA40CCC00D8B707 /* Frameworks */,
				3B7893491FA40CCC00D8B707 /* Resources */,
			);
			buildRules = (
			);
			dependencies = (
			);
			name = JianShu;
			productName = JianShu;
			productReference = 3B78934B1FA40CCC00D8B707 /* JianShu.app */;
			productType = "com.apple.product-type.application";
		};
/* End PBXNativeTarget section */

/* Begin PBXProject section */
		3B7893431FA40CCC00D8B707 /* Project object */ = {
			isa = PBXProject;
			attributes = {
				LastUpgradeCheck = 0900;
				ORGANIZATIONNAME = jianshu.shendong;
				TargetAttributes = {
					3B78934A1FA40CCC00D8B707 = {
						CreatedOnToolsVersion = 9.0;
						ProvisioningStyle = Automatic;
					};
				};
			};
			buildConfigurationList = 3B7893461FA40CCC00D8B707 /* Build configuration list for PBXProject "JianShu" */;
			compatibilityVersion = "Xcode 8.0";
			developmentRegion = en;
			hasScannedForEncodings = 0;
			knownRegions = (
				en,
				Base,
			);
			mainGroup = 3B7893421FA40CCC00D8B707;
			productRefGroup = 3B78934C1FA40CCC00D8B707 /* Products */;
			projectDirPath = "";
			projectRoot = "";
			targets = (
				3B78934A1FA40CCC00D8B707 /* JianShu */,
			);
		};
/* End PBXProject section */

/* Begin PBXResourcesBuildPhase section */
		3B7893491FA40CCC00D8B707 /* Resources */ = {
			isa = PBXResourcesBuildPhase;
			buildActionMask = 2147483647;
			files = (
				3B78935B1FA40CCC00D8B707 /* LaunchScreen.storyboard in Resources */,
				3B7893581FA40CCC00D8B707 /* Assets.xcassets in Resources */,
				3B7893561FA40CCC00D8B707 /* Main.storyboard in Resources */,
			);
			runOnlyForDeploymentPostprocessing = 0;
		};
/* End PBXResourcesBuildPhase section */

/* Begin PBXSourcesBuildPhase section */
		3B7893471FA40CCC00D8B707 /* Sources */ = {
			isa = PBXSourcesBuildPhase;
			buildActionMask = 2147483647;
			files = (
				3B7893531FA40CCC00D8B707 /* ViewController.m in Sources */,
				3B78935E1FA40CCC00D8B707 /* main.m in Sources */,
				3B7893501FA40CCC00D8B707 /* AppDelegate.m in Sources */,
			);
			runOnlyForDeploymentPostprocessing = 0;
		};
/* End PBXSourcesBuildPhase section */

/* Begin PBXVariantGroup section */
		3B7893541FA40CCC00D8B707 /* Main.storyboard */ = {
			isa = PBXVariantGroup;
			children = (
				3B7893551FA40CCC00D8B707 /* Base */,
			);
			name = Main.storyboard;
			sourceTree = "<group>";
		};
		3B7893591FA40CCC00D8B707 /* LaunchScreen.storyboard */ = {
			isa = PBXVariantGroup;
			children = (
				3B78935A1FA40CCC00D8B707 /* Base */,
			);
			name = LaunchScreen.storyboard;
			sourceTree = "<group>";
		};
/* End PBXVariantGroup section */

/* Begin XCBuildConfiguration section */
		3B78935F1FA40CCC00D8B707 /* Debug */ = {
			isa = XCBuildConfiguration;
			buildSettings = {
				ALWAYS_SEARCH_USER_PATHS = NO;
				CLANG_ANALYZER_NONNULL = YES;
				CLANG_ANALYZER_NUMBER_OBJECT_CONVERSION = YES_AGGRESSIVE;
				CLANG_CXX_LANGUAGE_STANDARD = "gnu++14";
				CLANG_CXX_LIBRARY = "libc++";
				CLANG_ENABLE_MODULES = YES;
				CLANG_ENABLE_OBJC_ARC = YES;
				CLANG_WARN_BLOCK_CAPTURE_AUTORELEASING = YES;
				CLANG_WARN_BOOL_CONVERSION = YES;
				CLANG_WARN_COMMA = YES;
				CLANG_WARN_CONSTANT_CONVERSION = YES;
				CLANG_WARN_DIRECT_OBJC_ISA_USAGE = YES_ERROR;
				CLANG_WARN_DOCUMENTATION_COMMENTS = YES;
				CLANG_WARN_EMPTY_BODY = YES;
				CLANG_WARN_ENUM_CONVERSION = YES;
				CLANG_WARN_INFINITE_RECURSION = YES;
				CLANG_WARN_INT_CONVERSION = YES;
				CLANG_WARN_NON_LITERAL_NULL_CONVERSION = YES;
				CLANG_WARN_OBJC_LITERAL_CONVERSION = YES;
				CLANG_WARN_OBJC_ROOT_CLASS = YES_ERROR;
				CLANG_WARN_RANGE_LOOP_ANALYSIS = YES;
				CLANG_WARN_STRICT_PROTOTYPES = YES;
				CLANG_WARN_SUSPICIOUS_MOVE = YES;
				CLANG_WARN_UNGUARDED_AVAILABILITY = YES_AGGRESSIVE;
				CLANG_WARN_UNREACHABLE_CODE = YES;
				CLANG_WARN__DUPLICATE_METHOD_MATCH = YES;
				CODE_SIGN_IDENTITY = "iPhone Developer";
				COPY_PHASE_STRIP = NO;
				DEBUG_INFORMATION_FORMAT = dwarf;
				ENABLE_STRICT_OBJC_MSGSEND = YES;
				ENABLE_TESTABILITY = YES;
				GCC_C_LANGUAGE_STANDARD = gnu11;
				GCC_DYNAMIC_NO_PIC = NO;
				GCC_NO_COMMON_BLOCKS = YES;
				GCC_OPTIMIZATION_LEVEL = 0;
				GCC_PREPROCESSOR_DEFINITIONS = (
					"DEBUG=1",
					"$(inherited)",
				);
				GCC_WARN_64_TO_32_BIT_CONVERSION = YES;
				GCC_WARN_ABOUT_RETURN_TYPE = YES_ERROR;
				GCC_WARN_UNDECLARED_SELECTOR = YES;
				GCC_WARN_UNINITIALIZED_AUTOS = YES_AGGRESSIVE;
				GCC_WARN_UNUSED_FUNCTION = YES;
				GCC_WARN_UNUSED_VARIABLE = YES;
				IPHONEOS_DEPLOYMENT_TARGET = 11.0;
				MTL_ENABLE_DEBUG_INFO = YES;
				ONLY_ACTIVE_ARCH = YES;
				SDKROOT = iphoneos;
			};
			name = Debug;
		};
		3B7893601FA40CCC00D8B707 /* Release */ = {
			isa = XCBuildConfiguration;
			buildSettings = {
				ALWAYS_SEARCH_USER_PATHS = NO;
				CLANG_ANALYZER_NONNULL = YES;
				CLANG_ANALYZER_NUMBER_OBJECT_CONVERSION = YES_AGGRESSIVE;
				CLANG_CXX_LANGUAGE_STANDARD = "gnu++14";
				CLANG_CXX_LIBRARY = "libc++";
				CLANG_ENABLE_MODULES = YES;
				CLANG_ENABLE_OBJC_ARC = YES;
				CLANG_WARN_BLOCK_CAPTURE_AUTORELEASING = YES;
				CLANG_WARN_BOOL_CONVERSION = YES;
				CLANG_WARN_COMMA = YES;
				CLANG_WARN_CONSTANT_CONVERSION = YES;
				CLANG_WARN_DIRECT_OBJC_ISA_USAGE = YES_ERROR;
				CLANG_WARN_DOCUMENTATION_COMMENTS = YES;
				CLANG_WARN_EMPTY_BODY = YES;
				CLANG_WARN_ENUM_CONVERSION = YES;
				CLANG_WARN_INFINITE_RECURSION = YES;
				CLANG_WARN_INT_CONVERSION = YES;
				CLANG_WARN_NON_LITERAL_NULL_CONVERSION = YES;
				CLANG_WARN_OBJC_LITERAL_CONVERSION = YES;
				CLANG_WARN_OBJC_ROOT_CLASS = YES_ERROR;
				CLANG_WARN_RANGE_LOOP_ANALYSIS = YES;
				CLANG_WARN_STRICT_PROTOTYPES = YES;
				CLANG_WARN_SUSPICIOUS_MOVE = YES;
				CLANG_WARN_UNGUARDED_AVAILABILITY = YES_AGGRESSIVE;
				CLANG_WARN_UNREACHABLE_CODE = YES;
				CLANG_WARN__DUPLICATE_METHOD_MATCH = YES;
				CODE_SIGN_IDENTITY = "iPhone Developer";
				COPY_PHASE_STRIP = NO;
				DEBUG_INFORMATION_FORMAT = "dwarf-with-dsym";
				ENABLE_NS_ASSERTIONS = NO;
				ENABLE_STRICT_OBJC_MSGSEND = YES;
				GCC_C_LANGUAGE_STANDARD = gnu11;
				GCC_NO_COMMON_BLOCKS = YES;
				GCC_WARN_64_TO_32_BIT_CONVERSION = YES;
				GCC_WARN_ABOUT_RETURN_TYPE = YES_ERROR;
				GCC_WARN_UNDECLARED_SELECTOR = YES;
				GCC_WARN_UNINITIALIZED_AUTOS = YES_AGGRESSIVE;
				GCC_WARN_UNUSED_FUNCTION = YES;
				GCC_WARN_UNUSED_VARIABLE = YES;
				IPHONEOS_DEPLOYMENT_TARGET = 11.0;
				MTL_ENABLE_DEBUG_INFO = NO;
				SDKROOT = iphoneos;
				VALIDATE_PRODUCT = YES;
			};
			name = Release;
		};
		3B7893621FA40CCC00D8B707 /* Debug */ = {
			isa = XCBuildConfiguration;
			buildSettings = {
				ASSETCATALOG_COMPILER_APPICON_NAME = AppIcon;
				CODE_SIGN_STYLE = Automatic;
				DEVELOPMENT_TEAM = S8238R3HUC;
				INFOPLIST_FILE = JianShu/Info.plist;
				LD_RUNPATH_SEARCH_PATHS = "$(inherited) @executable_path/Frameworks";
				PRODUCT_BUNDLE_IDENTIFIER = shendong.JianShu;
				PRODUCT_NAME = "$(TARGET_NAME)";
				TARGETED_DEVICE_FAMILY = "1,2";
			};
			name = Debug;
		};
		3B7893631FA40CCC00D8B707 /* Release */ = {
			isa = XCBuildConfiguration;
			buildSettings = {
				ASSETCATALOG_COMPILER_APPICON_NAME = AppIcon;
				CODE_SIGN_STYLE = Automatic;
				DEVELOPMENT_TEAM = S8238R3HUC;
				INFOPLIST_FILE = JianShu/Info.plist;
				LD_RUNPATH_SEARCH_PATHS = "$(inherited) @executable_path/Frameworks";
				PRODUCT_BUNDLE_IDENTIFIER = shendong.JianShu;
				PRODUCT_NAME = "$(TARGET_NAME)";
				TARGETED_DEVICE_FAMILY = "1,2";
			};
			name = Release;
		};
/* End XCBuildConfiguration section */

/* Begin XCConfigurationList section */
		3B7893461FA40CCC00D8B707 /* Build configuration list for PBXProject "JianShu" */ = {
			isa = XCConfigurationList;
			buildConfigurations = (
				3B78935F1FA40CCC00D8B707 /* Debug */,
				3B7893601FA40CCC00D8B707 /* Release */,
			);
			defaultConfigurationIsVisible = 0;
			defaultConfigurationName = Release;
		};
		3B7893611FA40CCC00D8B707 /* Build configuration list for PBXNativeTarget "JianShu" */ = {
			isa = XCConfigurationList;
			buildConfigurations = (
				3B7893621FA40CCC00D8B707 /* Debug */,
				3B7893631FA40CCC00D8B707 /* Release */,
			);
			defaultConfigurationIsVisible = 0;
			defaultConfigurationName = Release;
		};
/* End XCConfigurationList section */
	};
	rootObject = 3B7893431FA40CCC00D8B707 /* Project object */;
}
